<?xml version="1.0" encoding="utf-8"?>
<Project ToolsVersion="4.0" xmlns="http://schemas.microsoft.com/developer/msbuild/2003">
  <ItemGroup>
    <Filter Include="Source Files">
      <UniqueIdentifier>{4FC737F1-C7A5-4376-A066-2A32D752A2FF}</UniqueIdentifier>
      <Extensions>cpp;c;cc;cxx;c++;cppm;ixx;def;odl;idl;hpj;bat;asm;asmx;h;hh;hpp;hxx;h++;hm;inl;inc;ipp;xsd</Extensions>
    </Filter>
    <Filter Include="Resource Files">
      <UniqueIdentifier>{67DA6AB6-F800-4c08-8B7A-83BB121AAD01}</UniqueIdentifier>
      <Extensions>rc;ico;cur;bmp;dlg;rc2;rct;bin;rgs;gif;jpg;jpeg;jpe;resx;tiff;tif;png;wav;mfcribbon-ms</Extensions>
    </Filter>
    <Filter Include="Source Files\Engine">
      <UniqueIdentifier>{b6a04bfc-ffa2-428e-84af-c193380604cb}</UniqueIdentifier>
    </Filter>
    <Filter Include="Source Files\Engine\Interfaces">
      <UniqueIdentifier>{997d3356-5124-4d34-bb47-6e25945648e5}</UniqueIdentifier>
    </Filter>
    <Filter Include="Source Files\Engine\SDL">
      <UniqueIdentifier>{1b5aa68e-6273-407e-b62d-fd3e4fd1baf5}</UniqueIdentifier>
    </Filter>
    <Filter Include="Source Files\Game">
      <UniqueIdentifier>{27261ad1-efed-464d-a711-8fb9525f92ed}</UniqueIdentifier>
    </Filter>
    <Filter Include="Source Files\Engine\Input">
      <UniqueIdentifier>{37e08141-8fe6-4897-a9a4-65f6f15dd80d}</UniqueIdentifier>
    </Filter>
  </ItemGroup>
  <ItemGroup>
    <None Include="packages.config" />
  </ItemGroup>
  <ItemGroup>
    <ClCompile Include="Engine\SDL\SDLWindow.cpp">
      <Filter>Source Files\Engine\SDL</Filter>
    </ClCompile>
    <ClCompile Include="Engine\SDL\SDLContext.cpp">
      <Filter>Source Files\Engine\SDL</Filter>
    </ClCompile>
    <ClCompile Include="Engine\SDL\SDLRenderer.cpp">
      <Filter>Source Files\Engine\SDL</Filter>
    </ClCompile>
    <ClCompile Include="Game\ArkanoidGame.cpp">
      <Filter>Source Files\Game</Filter>
    </ClCompile>
    <ClCompile Include="main.cpp">
      <Filter>Source Files</Filter>
    </ClCompile>
    <ClCompile Include="Game\Level.cpp">
      <Filter>Source Files\Game</Filter>
    </ClCompile>
    <ClCompile Include="Game\Platform.cpp">
      <Filter>Source Files\Game</Filter>
    </ClCompile>
    <ClCompile Include="Engine\Input\InputManager.cpp">
      <Filter>Source Files\Engine\Input</Filter>
    </ClCompile>
    <ClCompile Include="Engine\FixedFrameRate.cpp">
      <Filter>Source Files\Engine</Filter>
    </ClCompile>
    <ClCompile Include="Game\ABlock.cpp">
      <Filter>Source Files\Game</Filter>
    </ClCompile>
    <ClCompile Include="Engine\AObject.cpp">
      <Filter>Source Files\Engine</Filter>
    </ClCompile>
    <ClCompile Include="Game\ABall.cpp">
      <Filter>Source Files\Game</Filter>
    </ClCompile>
  </ItemGroup>
  <ItemGroup>
    <ClInclude Include="Engine\Interfaces\IWindow.h">
      <Filter>Source Files\Engine\Interfaces</Filter>
    </ClInclude>
    <ClInclude Include="Engine\SDL\SDLWindow.h">
      <Filter>Source Files\Engine\SDL</Filter>
    </ClInclude>
    <ClInclude Include="Engine\Interfaces\IRenderer.h">
      <Filter>Source Files\Engine\Interfaces</Filter>
    </ClInclude>
    <ClInclude Include="Engine\SDL\SDLContext.h">
      <Filter>Source Files\Engine\SDL</Filter>
    </ClInclude>
    <ClInclude Include="Engine\SDL\SDLRenderer.h">
      <Filter>Source Files\Engine\SDL</Filter>
    </ClInclude>
    <ClInclude Include="Engine\CoreMinimal.h">
      <Filter>Source Files\Engine</Filter>
    </ClInclude>
    <ClInclude Include="Game\ArkanoidGame.h">
      <Filter>Source Files\Game</Filter>
    </ClInclude>
    <ClInclude Include="Game\Level.h">
      <Filter>Source Files\Game</Filter>
    </ClInclude>
    <ClInclude Include="Game\Platform.h">
      <Filter>Source Files\Game</Filter>
    </ClInclude>
    <ClInclude Include="Engine\Input\InputManager.h">
      <Filter>Source Files\Engine\Input</Filter>
    </ClInclude>
    <ClInclude Include="Engine\Input\InputEvents.h">
      <Filter>Source Files\Engine\Input</Filter>
    </ClInclude>
    <ClInclude Include="Engine\FixedFrameRate.h">
      <Filter>Source Files\Engine</Filter>
    </ClInclude>
    <ClInclude Include="Game\ABlock.h">
      <Filter>Source Files\Game</Filter>
    </ClInclude>
    <ClInclude Include="Engine\AObject.h">
      <Filter>Source Files\Engine</Filter>
    </ClInclude>
    <ClInclude Include="Game\ABall.h">
      <Filter>Source Files\Game</Filter>
    </ClInclude>
  </ItemGroup>
</Project>